dependencies:
- name: kube-state-metrics
  repository: https://prometheus-community.github.io/helm-charts
  version: 4.15.0
- name: prometheus-node-exporter
  repository: https://prometheus-community.github.io/helm-charts
  version: 3.3.1
- name: grafana
  repository: https://grafana.github.io/helm-charts
  version: 6.32.12
digest: sha256:cdd13e2f5837ac4aa28b7b0bea54020f488526754ad991497c34f366bf227753
generated: "2022-08-10T14:05:36.730833-04:00"
